// !$*UTF8*$!
{
	archiveVersion = 1;
	classes = {
	};
	objectVersion = 51;
	objects = {

/* Begin PBXBuildFile section */
		356DC6F90B0137D16230ED13 /* libPods-WeatherGift.a in Frameworks */ = {isa = PBXBuildFile; fileRef = 2884CA4D816ADC9E0B9E1FA7 /* libPods-WeatherGift.a */; };
		F128C92D252FF74C00170A14 /* AppDelegate.swift in Sources */ = {isa = PBXBuildFile; fileRef = F128C92C252FF74C00170A14 /* AppDelegate.swift */; };
		F128C92F252FF74C00170A14 /* SceneDelegate.swift in Sources */ = {isa = PBXBuildFile; fileRef = F128C92E252FF74C00170A14 /* SceneDelegate.swift */; };
		F128C931252FF74C00170A14 /* LocationListViewController.swift in Sources */ = {isa = PBXBuildFile; fileRef = F128C930252FF74C00170A14 /* LocationListViewController.swift */; };
		F128C934252FF74C00170A14 /* Main.storyboard in Resources */ = {isa = PBXBuildFile; fileRef = F128C932252FF74C00170A14 /* Main.storyboard */; };
		F128C936252FF74F00170A14 /* Assets.xcassets in Resources */ = {isa = PBXBuildFile; fileRef = F128C935252FF74F00170A14 /* Assets.xcassets */; };
		F128C939252FF74F00170A14 /* LaunchScreen.storyboard in Resources */ = {isa = PBXBuildFile; fileRef = F128C937252FF74F00170A14 /* LaunchScreen.storyboard */; };
		F128C944252FF74F00170A14 /* WeatherGiftTests.swift in Sources */ = {isa = PBXBuildFile; fileRef = F128C943252FF74F00170A14 /* WeatherGiftTests.swift */; };
		F128C94F252FF74F00170A14 /* WeatherGiftUITests.swift in Sources */ = {isa = PBXBuildFile; fileRef = F128C94E252FF74F00170A14 /* WeatherGiftUITests.swift */; };
		F128C960252FF7AF00170A14 /* WeatherLocation.swift in Sources */ = {isa = PBXBuildFile; fileRef = F128C95F252FF7AF00170A14 /* WeatherLocation.swift */; };
		F14E378025310B0900FBD0CE /* APIKeys.swift in Sources */ = {isa = PBXBuildFile; fileRef = F14E377F25310B0900FBD0CE /* APIKeys.swift */; };
/* End PBXBuildFile section */

/* Begin PBXContainerItemProxy section */
		F128C940252FF74F00170A14 /* PBXContainerItemProxy */ = {
			isa = PBXContainerItemProxy;
			containerPortal = F128C921252FF74C00170A14 /* Project object */;
			proxyType = 1;
			remoteGlobalIDString = F128C928252FF74C00170A14;
			remoteInfo = WeatherGift;
		};
		F128C94B252FF74F00170A14 /* PBXContainerItemProxy */ = {
			isa = PBXContainerItemProxy;
			containerPortal = F128C921252FF74C00170A14 /* Project object */;
			proxyType = 1;
			remoteGlobalIDString = F128C928252FF74C00170A14;
			remoteInfo = WeatherGift;
		};
/* End PBXContainerItemProxy section */

/* Begin PBXFileReference section */
		1096EFB2CC829467A29BF881 /* Pods-WeatherGift.debug.xcconfig */ = {isa = PBXFileReference; includeInIndex = 1; lastKnownFileType = text.xcconfig; name = "Pods-WeatherGift.debug.xcconfig"; path = "Target Support Files/Pods-WeatherGift/Pods-WeatherGift.debug.xcconfig"; sourceTree = "<group>"; };
		2884CA4D816ADC9E0B9E1FA7 /* libPods-WeatherGift.a */ = {isa = PBXFileReference; explicitFileType = archive.ar; includeInIndex = 0; path = "libPods-WeatherGift.a"; sourceTree = BUILT_PRODUCTS_DIR; };
		B71F960B1ADFEF49CBD69E6E /* Pods-WeatherGift.release.xcconfig */ = {isa = PBXFileReference; includeInIndex = 1; lastKnownFileType = text.xcconfig; name = "Pods-WeatherGift.release.xcconfig"; path = "Target Support Files/Pods-WeatherGift/Pods-WeatherGift.release.xcconfig"; sourceTree = "<group>"; };
		F128C929252FF74C00170A14 /* WeatherGift.app */ = {isa = PBXFileReference; explicitFileType = wrapper.application; includeInIndex = 0; path = WeatherGift.app; sourceTree = BUILT_PRODUCTS_DIR; };
		F128C92C252FF74C00170A14 /* AppDelegate.swift */ = {isa = PBXFileReference; lastKnownFileType = sourcecode.swift; path = AppDelegate.swift; sourceTree = "<group>"; };
		F128C92E252FF74C00170A14 /* SceneDelegate.swift */ = {isa = PBXFileReference; lastKnownFileType = sourcecode.swift; path = SceneDelegate.swift; sourceTree = "<group>"; };
		F128C930252FF74C00170A14 /* LocationListViewController.swift */ = {isa = PBXFileReference; lastKnownFileType = sourcecode.swift; path = LocationListViewController.swift; sourceTree = "<group>"; };
		F128C933252FF74C00170A14 /* Base */ = {isa = PBXFileReference; lastKnownFileType = file.storyboard; name = Base; path = Base.lproj/Main.storyboard; sourceTree = "<group>"; };
		F128C935252FF74F00170A14 /* Assets.xcassets */ = {isa = PBXFileReference; lastKnownFileType = folder.assetcatalog; path = Assets.xcassets; sourceTree = "<group>"; };
		F128C938252FF74F00170A14 /* Base */ = {isa = PBXFileReference; lastKnownFileType = file.storyboard; name = Base; path = Base.lproj/LaunchScreen.storyboard; sourceTree = "<group>"; };
		F128C93A252FF74F00170A14 /* Info.plist */ = {isa = PBXFileReference; lastKnownFileType = text.plist.xml; path = Info.plist; sourceTree = "<group>"; };
		F128C93F252FF74F00170A14 /* WeatherGiftTests.xctest */ = {isa = PBXFileReference; explicitFileType = wrapper.cfbundle; includeInIndex = 0; path = WeatherGiftTests.xctest; sourceTree = BUILT_PRODUCTS_DIR; };
		F128C943252FF74F00170A14 /* WeatherGiftTests.swift */ = {isa = PBXFileReference; lastKnownFileType = sourcecode.swift; path = WeatherGiftTests.swift; sourceTree = "<group>"; };
		F128C945252FF74F00170A14 /* Info.plist */ = {isa = PBXFileReference; lastKnownFileType = text.plist.xml; path = Info.plist; sourceTree = "<group>"; };
		F128C94A252FF74F00170A14 /* WeatherGiftUITests.xctest */ = {isa = PBXFileReference; explicitFileType = wrapper.cfbundle; includeInIndex = 0; path = WeatherGiftUITests.xctest; sourceTree = BUILT_PRODUCTS_DIR; };
		F128C94E252FF74F00170A14 /* WeatherGiftUITests.swift */ = {isa = PBXFileReference; lastKnownFileType = sourcecode.swift; path = WeatherGiftUITests.swift; sourceTree = "<group>"; };
		F128C950252FF74F00170A14 /* Info.plist */ = {isa = PBXFileReference; lastKnownFileType = text.plist.xml; path = Info.plist; sourceTree = "<group>"; };
		F128C95F252FF7AF00170A14 /* WeatherLocation.swift */ = {isa = PBXFileReference; lastKnownFileType = sourcecode.swift; path = WeatherLocation.swift; sourceTree = "<group>"; };
		F14E377F25310B0900FBD0CE /* APIKeys.swift */ = {isa = PBXFileReference; lastKnownFileType = sourcecode.swift; path = APIKeys.swift; sourceTree = "<group>"; };
/* End PBXFileReference section */

/* Begin PBXFrameworksBuildPhase section */
		F128C926252FF74C00170A14 /* Frameworks */ = {
			isa = PBXFrameworksBuildPhase;
			buildActionMask = 2147483647;
			files = (
				356DC6F90B0137D16230ED13 /* libPods-WeatherGift.a in Frameworks */,
			);
			runOnlyForDeploymentPostprocessing = 0;
		};
		F128C93C252FF74F00170A14 /* Frameworks */ = {
			isa = PBXFrameworksBuildPhase;
			buildActionMask = 2147483647;
			files = (
			);
			runOnlyForDeploymentPostprocessing = 0;
		};
		F128C947252FF74F00170A14 /* Frameworks */ = {
			isa = PBXFrameworksBuildPhase;
			buildActionMask = 2147483647;
			files = (
			);
			runOnlyForDeploymentPostprocessing = 0;
		};
/* End PBXFrameworksBuildPhase section */

/* Begin PBXGroup section */
		A94AA836944D0EAE98F416EF /* Frameworks */ = {
			isa = PBXGroup;
			children = (
				2884CA4D816ADC9E0B9E1FA7 /* libPods-WeatherGift.a */,
			);
			name = Frameworks;
			sourceTree = "<group>";
		};
		F128C920252FF74C00170A14 = {
			isa = PBXGroup;
			children = (
				F128C92B252FF74C00170A14 /* WeatherGift */,
				F128C942252FF74F00170A14 /* WeatherGiftTests */,
				F128C94D252FF74F00170A14 /* WeatherGiftUITests */,
				F128C92A252FF74C00170A14 /* Products */,
				FE64DA97B49835E7F88F929F /* Pods */,
				A94AA836944D0EAE98F416EF /* Frameworks */,
			);
			sourceTree = "<group>";
		};
		F128C92A252FF74C00170A14 /* Products */ = {
			isa = PBXGroup;
			children = (
				F128C929252FF74C00170A14 /* WeatherGift.app */,
				F128C93F252FF74F00170A14 /* WeatherGiftTests.xctest */,
				F128C94A252FF74F00170A14 /* WeatherGiftUITests.xctest */,
			);
			name = Products;
			sourceTree = "<group>";
		};
		F128C92B252FF74C00170A14 /* WeatherGift */ = {
			isa = PBXGroup;
			children = (
				F128C92C252FF74C00170A14 /* AppDelegate.swift */,
				F128C95F252FF7AF00170A14 /* WeatherLocation.swift */,
				F128C92E252FF74C00170A14 /* SceneDelegate.swift */,
				F128C930252FF74C00170A14 /* LocationListViewController.swift */,
				F128C932252FF74C00170A14 /* Main.storyboard */,
				F128C935252FF74F00170A14 /* Assets.xcassets */,
				F128C937252FF74F00170A14 /* LaunchScreen.storyboard */,
				F128C93A252FF74F00170A14 /* Info.plist */,
				F14E377F25310B0900FBD0CE /* APIKeys.swift */,
			);
			path = WeatherGift;
			sourceTree = "<group>";
		};
		F128C942252FF74F00170A14 /* WeatherGiftTests */ = {
			isa = PBXGroup;
			children = (
				F128C943252FF74F00170A14 /* WeatherGiftTests.swift */,
				F128C945252FF74F00170A14 /* Info.plist */,
			);
			path = WeatherGiftTests;
			sourceTree = "<group>";
		};
		F128C94D252FF74F00170A14 /* WeatherGiftUITests */ = {
			isa = PBXGroup;
			children = (
				F128C94E252FF74F00170A14 /* WeatherGiftUITests.swift */,
				F128C950252FF74F00170A14 /* Info.plist */,
			);
			path = WeatherGiftUITests;
			sourceTree = "<group>";
		};
		FE64DA97B49835E7F88F929F /* Pods */ = {
			isa = PBXGroup;
			children = (
				1096EFB2CC829467A29BF881 /* Pods-WeatherGift.debug.xcconfig */,
				B71F960B1ADFEF49CBD69E6E /* Pods-WeatherGift.release.xcconfig */,
			);
			path = Pods;
			sourceTree = "<group>";
		};
/* End PBXGroup section */

/* Begin PBXNativeTarget section */
		F128C928252FF74C00170A14 /* WeatherGift */ = {
			isa = PBXNativeTarget;
			buildConfigurationList = F128C953252FF74F00170A14 /* Build configuration list for PBXNativeTarget "WeatherGift" */;
			buildPhases = (
				8F19B762025167CB031EA7F3 /* [CP] Check Pods Manifest.lock */,
				F128C925252FF74C00170A14 /* Sources */,
				F128C926252FF74C00170A14 /* Frameworks */,
				F128C927252FF74C00170A14 /* Resources */,
				10218A70C7FDABF71A18391A /* [CP] Copy Pods Resources */,
			);
			buildRules = (
			);
			dependencies = (
			);
			name = WeatherGift;
			productName = WeatherGift;
			productReference = F128C929252FF74C00170A14 /* WeatherGift.app */;
			productType = "com.apple.product-type.application";
		};
		F128C93E252FF74F00170A14 /* WeatherGiftTests */ = {
			isa = PBXNativeTarget;
			buildConfigurationList = F128C956252FF74F00170A14 /* Build configuration list for PBXNativeTarget "WeatherGiftTests" */;
			buildPhases = (
				F128C93B252FF74F00170A14 /* Sources */,
				F128C93C252FF74F00170A14 /* Frameworks */,
				F128C93D252FF74F00170A14 /* Resources */,
			);
			buildRules = (
			);
			dependencies = (
				F128C941252FF74F00170A14 /* PBXTargetDependency */,
			);
			name = WeatherGiftTests;
			productName = WeatherGiftTests;
			productReference = F128C93F252FF74F00170A14 /* WeatherGiftTests.xctest */;
			productType = "com.apple.product-type.bundle.unit-test";
		};
		F128C949252FF74F00170A14 /* WeatherGiftUITests */ = {
			isa = PBXNativeTarget;
			buildConfigurationList = F128C959252FF74F00170A14 /* Build configuration list for PBXNativeTarget "WeatherGiftUITests" */;
			buildPhases = (
				F128C946252FF74F00170A14 /* Sources */,
				F128C947252FF74F00170A14 /* Frameworks */,
				F128C948252FF74F00170A14 /* Resources */,
			);
			buildRules = (
			);
			dependencies = (
				F128C94C252FF74F00170A14 /* PBXTargetDependency */,
			);
			name = WeatherGiftUITests;
			productName = WeatherGiftUITests;
			productReference = F128C94A252FF74F00170A14 /* WeatherGiftUITests.xctest */;
			productType = "com.apple.product-type.bundle.ui-testing";
		};
/* End PBXNativeTarget section */

/* Begin PBXProject section */
		F128C921252FF74C00170A14 /* Project object */ = {
			isa = PBXProject;
			attributes = {
				LastSwiftUpdateCheck = 1200;
				LastUpgradeCheck = 1200;
				TargetAttributes = {
					F128C928252FF74C00170A14 = {
						CreatedOnToolsVersion = 12.0;
					};
					F128C93E252FF74F00170A14 = {
						CreatedOnToolsVersion = 12.0;
						TestTargetID = F128C928252FF74C00170A14;
					};
					F128C949252FF74F00170A14 = {
						CreatedOnToolsVersion = 12.0;
						TestTargetID = F128C928252FF74C00170A14;
					};
				};
			};
			buildConfigurationList = F128C924252FF74C00170A14 /* Build configuration list for PBXProject "WeatherGift" */;
			compatibilityVersion = "Xcode 9.3";
			developmentRegion = en;
			hasScannedForEncodings = 0;
			knownRegions = (
				en,
				Base,
			);
			mainGroup = F128C920252FF74C00170A14;
			productRefGroup = F128C92A252FF74C00170A14 /* Products */;
			projectDirPath = "";
			projectRoot = "";
			targets = (
				F128C928252FF74C00170A14 /* WeatherGift */,
				F128C93E252FF74F00170A14 /* WeatherGiftTests */,
				F128C949252FF74F00170A14 /* WeatherGiftUITests */,
			);
		};
/* End PBXProject section */

/* Begin PBXResourcesBuildPhase section */
		F128C927252FF74C00170A14 /* Resources */ = {
			isa = PBXResourcesBuildPhase;
			buildActionMask = 2147483647;
			files = (
				F128C939252FF74F00170A14 /* LaunchScreen.storyboard in Resources */,
				F128C936252FF74F00170A14 /* Assets.xcassets in Resources */,
				F128C934252FF74C00170A14 /* Main.storyboard in Resources */,
			);
			runOnlyForDeploymentPostprocessing = 0;
		};
		F128C93D252FF74F00170A14 /* Resources */ = {
			isa = PBXResourcesBuildPhase;
			buildActionMask = 2147483647;
			files = (
			);
			runOnlyForDeploymentPostprocessing = 0;
		};
		F128C948252FF74F00170A14 /* Resources */ = {
			isa = PBXResourcesBuildPhase;
			buildActionMask = 2147483647;
			files = (
			);
			runOnlyForDeploymentPostprocessing = 0;
		};
/* End PBXResourcesBuildPhase section */

/* Begin PBXShellScriptBuildPhase section */
		10218A70C7FDABF71A18391A /* [CP] Copy Pods Resources */ = {
			isa = PBXShellScriptBuildPhase;
			buildActionMask = 2147483647;
			files = (
			);
			inputFileListPaths = (
				"${PODS_ROOT}/Target Support Files/Pods-WeatherGift/Pods-WeatherGift-resources-${CONFIGURATION}-input-files.xcfilelist",
			);
			name = "[CP] Copy Pods Resources";
			outputFileListPaths = (
				"${PODS_ROOT}/Target Support Files/Pods-WeatherGift/Pods-WeatherGift-resources-${CONFIGURATION}-output-files.xcfilelist",
			);
			runOnlyForDeploymentPostprocessing = 0;
			shellPath = /bin/sh;
			shellScript = "\"${PODS_ROOT}/Target Support Files/Pods-WeatherGift/Pods-WeatherGift-resources.sh\"\n";
			showEnvVarsInLog = 0;
		};
		8F19B762025167CB031EA7F3 /* [CP] Check Pods Manifest.lock */ = {
			isa = PBXShellScriptBuildPhase;
			buildActionMask = 2147483647;
			files = (
			);
			inputFileListPaths = (
			);
			inputPaths = (
				"${PODS_PODFILE_DIR_PATH}/Podfile.lock",
				"${PODS_ROOT}/Manifest.lock",
			);
			name = "[CP] Check Pods Manifest.lock";
			outputFileListPaths = (
			);
			outputPaths = (
				"$(DERIVED_FILE_DIR)/Pods-WeatherGift-checkManifestLockResult.txt",
			);
			runOnlyForDeploymentPostprocessing = 0;
			shellPath = /bin/sh;
			shellScript = "diff \"${PODS_PODFILE_DIR_PATH}/Podfile.lock\" \"${PODS_ROOT}/Manifest.lock\" > /dev/null\nif [ $? != 0 ] ; then\n    # print error to STDERR\n    echo \"error: The sandbox is not in sync with the Podfile.lock. Run 'pod install' or update your CocoaPods installation.\" >&2\n    exit 1\nfi\n# This output is used by Xcode 'outputs' to avoid re-running this script phase.\necho \"SUCCESS\" > \"${SCRIPT_OUTPUT_FILE_0}\"\n";
			showEnvVarsInLog = 0;
		};
/* End PBXShellScriptBuildPhase section */

/* Begin PBXSourcesBuildPhase section */
		F128C925252FF74C00170A14 /* Sources */ = {
			isa = PBXSourcesBuildPhase;
			buildActionMask = 2147483647;
			files = (
				F128C931252FF74C00170A14 /* LocationListViewController.swift in Sources */,
				F14E378025310B0900FBD0CE /* APIKeys.swift in Sources */,
				F128C960252FF7AF00170A14 /* WeatherLocation.swift in Sources */,
				F128C92D252FF74C00170A14 /* AppDelegate.swift in Sources */,
				F128C92F252FF74C00170A14 /* SceneDelegate.swift in Sources */,
			);
			runOnlyForDeploymentPostprocessing = 0;
		};
		F128C93B252FF74F00170A14 /* Sources */ = {
			isa = PBXSourcesBuildPhase;
			buildActionMask = 2147483647;
			files = (
				F128C944252FF74F00170A14 /* WeatherGiftTests.swift in Sources */,
			);
			runOnlyForDeploymentPostprocessing = 0;
		};
		F128C946252FF74F00170A14 /* Sources */ = {
			isa = PBXSourcesBuildPhase;
			buildActionMask = 2147483647;
			files = (
				F128C94F252FF74F00170A14 /* WeatherGiftUITests.swift in Sources */,
			);
			runOnlyForDeploymentPostprocessing = 0;
		};
/* End PBXSourcesBuildPhase section */

/* Begin PBXTargetDependency section */
		F128C941252FF74F00170A14 /* PBXTargetDependency */ = {
			isa = PBXTargetDependency;
			target = F128C928252FF74C00170A14 /* WeatherGift */;
			targetProxy = F128C940252FF74F00170A14 /* PBXContainerItemProxy */;
		};
		F128C94C252FF74F00170A14 /* PBXTargetDependency */ = {
			isa = PBXTargetDependency;
			target = F128C928252FF74C00170A14 /* WeatherGift */;
			targetProxy = F128C94B252FF74F00170A14 /* PBXContainerItemProxy */;
		};
/* End PBXTargetDependency section */

/* Begin PBXVariantGroup section */
		F128C932252FF74C00170A14 /* Main.storyboard */ = {
			isa = PBXVariantGroup;
			children = (
				F128C933252FF74C00170A14 /* Base */,
			);
			name = Main.storyboard;
			sourceTree = "<group>";
		};
		F128C937252FF74F00170A14 /* LaunchScreen.storyboard */ = {
			isa = PBXVariantGroup;
			children = (
				F128C938252FF74F00170A14 /* Base */,
			);
			name = LaunchScreen.storyboard;
			sourceTree = "<group>";
		};
/* End PBXVariantGroup section */

/* Begin XCBuildConfiguration section */
		F128C951252FF74F00170A14 /* Debug */ = {
			isa = XCBuildConfiguration;
			buildSettings = {
				ALWAYS_SEARCH_USER_PATHS = NO;
				CLANG_ANALYZER_NONNULL = YES;
				CLANG_ANALYZER_NUMBER_OBJECT_CONVERSION = YES_AGGRESSIVE;
				CLANG_CXX_LANGUAGE_STANDARD = "gnu++14";
				CLANG_CXX_LIBRARY = "libc++";
				CLANG_ENABLE_MODULES = YES;
				CLANG_ENABLE_OBJC_ARC = YES;
				CLANG_ENABLE_OBJC_WEAK = YES;
				CLANG_WARN_BLOCK_CAPTURE_AUTORELEASING = YES;
				CLANG_WARN_BOOL_CONVERSION = YES;
				CLANG_WARN_COMMA = YES;
				CLANG_WARN_CONSTANT_CONVERSION = YES;
				CLANG_WARN_DEPRECATED_OBJC_IMPLEMENTATIONS = YES;
				CLANG_WARN_DIRECT_OBJC_ISA_USAGE = YES_ERROR;
				CLANG_WARN_DOCUMENTATION_COMMENTS = YES;
				CLANG_WARN_EMPTY_BODY = YES;
				CLANG_WARN_ENUM_CONVERSION = YES;
				CLANG_WARN_INFINITE_RECURSION = YES;
				CLANG_WARN_INT_CONVERSION = YES;
				CLANG_WARN_NON_LITERAL_NULL_CONVERSION = YES;
				CLANG_WARN_OBJC_IMPLICIT_RETAIN_SELF = YES;
				CLANG_WARN_OBJC_LITERAL_CONVERSION = YES;
				CLANG_WARN_OBJC_ROOT_CLASS = YES_ERROR;
				CLANG_WARN_QUOTED_INCLUDE_IN_FRAMEWORK_HEADER = YES;
				CLANG_WARN_RANGE_LOOP_ANALYSIS = YES;
				CLANG_WARN_STRICT_PROTOTYPES = YES;
				CLANG_WARN_SUSPICIOUS_MOVE = YES;
				CLANG_WARN_UNGUARDED_AVAILABILITY = YES_AGGRESSIVE;
				CLANG_WARN_UNREACHABLE_CODE = YES;
				CLANG_WARN__DUPLICATE_METHOD_MATCH = YES;
				COPY_PHASE_STRIP = NO;
				DEBUG_INFORMATION_FORMAT = dwarf;
				ENABLE_STRICT_OBJC_MSGSEND = YES;
				ENABLE_TESTABILITY = YES;
				GCC_C_LANGUAGE_STANDARD = gnu11;
				GCC_DYNAMIC_NO_PIC = NO;
				GCC_NO_COMMON_BLOCKS = YES;
				GCC_OPTIMIZATION_LEVEL = 0;
				GCC_PREPROCESSOR_DEFINITIONS = (
					"DEBUG=1",
					"$(inherited)",
				);
				GCC_WARN_64_TO_32_BIT_CONVERSION = YES;
				GCC_WARN_ABOUT_RETURN_TYPE = YES_ERROR;
				GCC_WARN_UNDECLARED_SELECTOR = YES;
				GCC_WARN_UNINITIALIZED_AUTOS = YES_AGGRESSIVE;
				GCC_WARN_UNUSED_FUNCTION = YES;
				GCC_WARN_UNUSED_VARIABLE = YES;
				IPHONEOS_DEPLOYMENT_TARGET = 14.0;
				MTL_ENABLE_DEBUG_INFO = INCLUDE_SOURCE;
				MTL_FAST_MATH = YES;
				ONLY_ACTIVE_ARCH = YES;
				SDKROOT = iphoneos;
				SWIFT_ACTIVE_COMPILATION_CONDITIONS = DEBUG;
				SWIFT_OPTIMIZATION_LEVEL = "-Onone";
			};
			name = Debug;
		};
		F128C952252FF74F00170A14 /* Release */ = {
			isa = XCBuildConfiguration;
			buildSettings = {
				ALWAYS_SEARCH_USER_PATHS = NO;
				CLANG_ANALYZER_NONNULL = YES;
				CLANG_ANALYZER_NUMBER_OBJECT_CONVERSION = YES_AGGRESSIVE;
				CLANG_CXX_LANGUAGE_STANDARD = "gnu++14";
				CLANG_CXX_LIBRARY = "libc++";
				CLANG_ENABLE_MODULES = YES;
				CLANG_ENABLE_OBJC_ARC = YES;
				CLANG_ENABLE_OBJC_WEAK = YES;
				CLANG_WARN_BLOCK_CAPTURE_AUTORELEASING = YES;
				CLANG_WARN_BOOL_CONVERSION = YES;
				CLANG_WARN_COMMA = YES;
				CLANG_WARN_CONSTANT_CONVERSION = YES;
				CLANG_WARN_DEPRECATED_OBJC_IMPLEMENTATIONS = YES;
				CLANG_WARN_DIRECT_OBJC_ISA_USAGE = YES_ERROR;
				CLANG_WARN_DOCUMENTATION_COMMENTS = YES;
				CLANG_WARN_EMPTY_BODY = YES;
				CLANG_WARN_ENUM_CONVERSION = YES;
				CLANG_WARN_INFINITE_RECURSION = YES;
				CLANG_WARN_INT_CONVERSION = YES;
				CLANG_WARN_NON_LITERAL_NULL_CONVERSION = YES;
				CLANG_WARN_OBJC_IMPLICIT_RETAIN_SELF = YES;
				CLANG_WARN_OBJC_LITERAL_CONVERSION = YES;
				CLANG_WARN_OBJC_ROOT_CLASS = YES_ERROR;
				CLANG_WARN_QUOTED_INCLUDE_IN_FRAMEWORK_HEADER = YES;
				CLANG_WARN_RANGE_LOOP_ANALYSIS = YES;
				CLANG_WARN_STRICT_PROTOTYPES = YES;
				CLANG_WARN_SUSPICIOUS_MOVE = YES;
				CLANG_WARN_UNGUARDED_AVAILABILITY = YES_AGGRESSIVE;
				CLANG_WARN_UNREACHABLE_CODE = YES;
				CLANG_WARN__DUPLICATE_METHOD_MATCH = YES;
				COPY_PHASE_STRIP = NO;
				DEBUG_INFORMATION_FORMAT = "dwarf-with-dsym";
				ENABLE_NS_ASSERTIONS = NO;
				ENABLE_STRICT_OBJC_MSGSEND = YES;
				GCC_C_LANGUAGE_STANDARD = gnu11;
				GCC_NO_COMMON_BLOCKS = YES;
				GCC_WARN_64_TO_32_BIT_CONVERSION = YES;
				GCC_WARN_ABOUT_RETURN_TYPE = YES_ERROR;
				GCC_WARN_UNDECLARED_SELECTOR = YES;
				GCC_WARN_UNINITIALIZED_AUTOS = YES_AGGRESSIVE;
				GCC_WARN_UNUSED_FUNCTION = YES;
				GCC_WARN_UNUSED_VARIABLE = YES;
				IPHONEOS_DEPLOYMENT_TARGET = 14.0;
				MTL_ENABLE_DEBUG_INFO = NO;
				MTL_FAST_MATH = YES;
				SDKROOT = iphoneos;
				SWIFT_COMPILATION_MODE = wholemodule;
				SWIFT_OPTIMIZATION_LEVEL = "-O";
				VALIDATE_PRODUCT = YES;
			};
			name = Release;
		};
		F128C954252FF74F00170A14 /* Debug */ = {
			isa = XCBuildConfiguration;
			baseConfigurationReference = 1096EFB2CC829467A29BF881 /* Pods-WeatherGift.debug.xcconfig */;
			buildSettings = {
				ASSETCATALOG_COMPILER_APPICON_NAME = AppIcon;
				ASSETCATALOG_COMPILER_GLOBAL_ACCENT_COLOR_NAME = AccentColor;
				CODE_SIGN_STYLE = Automatic;
				DEVELOPMENT_TEAM = WATT3KK847;
				INFOPLIST_FILE = WeatherGift/Info.plist;
				LD_RUNPATH_SEARCH_PATHS = (
					"$(inherited)",
					"@executable_path/Frameworks",
				);
				PRODUCT_BUNDLE_IDENTIFIER = com.Alvelaez.WeatherGift;
				PRODUCT_NAME = "$(TARGET_NAME)";
				SWIFT_VERSION = 5.0;
				TARGETED_DEVICE_FAMILY = "1,2";
			};
			name = Debug;
		};
		F128C955252FF74F00170A14 /* Release */ = {
			isa = XCBuildConfiguration;
			baseConfigurationReference = B71F960B1ADFEF49CBD69E6E /* Pods-WeatherGift.release.xcconfig */;
			buildSettings = {
				ASSETCATALOG_COMPILER_APPICON_NAME = AppIcon;
				ASSETCATALOG_COMPILER_GLOBAL_ACCENT_COLOR_NAME = AccentColor;
				CODE_SIGN_STYLE = Automatic;
				DEVELOPMENT_TEAM = WATT3KK847;
				INFOPLIST_FILE = WeatherGift/Info.plist;
				LD_RUNPATH_SEARCH_PATHS = (
					"$(inherited)",
					"@executable_path/Frameworks",
				);
				PRODUCT_BUNDLE_IDENTIFIER = com.Alvelaez.WeatherGift;
				PRODUCT_NAME = "$(TARGET_NAME)";
				SWIFT_VERSION = 5.0;
				TARGETED_DEVICE_FAMILY = "1,2";
			};
			name = Release;
		};
		F128C957252FF74F00170A14 /* Debug */ = {
			isa = XCBuildConfiguration;
			buildSettings = {
				ALWAYS_EMBED_SWIFT_STANDARD_LIBRARIES = YES;
				BUNDLE_LOADER = "$(TEST_HOST)";
				CODE_SIGN_STYLE = Automatic;
				DEVELOPMENT_TEAM = WATT3KK847;
				INFOPLIST_FILE = WeatherGiftTests/Info.plist;
				IPHONEOS_DEPLOYMENT_TARGET = 14.0;
				LD_RUNPATH_SEARCH_PATHS = (
					"$(inherited)",
					"@executable_path/Frameworks",
					"@loader_path/Frameworks",
				);
				PRODUCT_BUNDLE_IDENTIFIER = com.Alvelaez.WeatherGiftTests;
				PRODUCT_NAME = "$(TARGET_NAME)";
				SWIFT_VERSION = 5.0;
				TARGETED_DEVICE_FAMILY = "1,2";
				TEST_HOST = "$(BUILT_PRODUCTS_DIR)/WeatherGift.app/WeatherGift";
			};
			name = Debug;
		};
		F128C958252FF74F00170A14 /* Release */ = {
			isa = XCBuildConfiguration;
			buildSettings = {
				ALWAYS_EMBED_SWIFT_STANDARD_LIBRARIES = YES;
				BUNDLE_LOADER = "$(TEST_HOST)";
				CODE_SIGN_STYLE = Automatic;
				DEVELOPMENT_TEAM = WATT3KK847;
				INFOPLIST_FILE = WeatherGiftTests/Info.plist;
				IPHONEOS_DEPLOYMENT_TARGET = 14.0;
				LD_RUNPATH_SEARCH_PATHS = (
					"$(inherited)",
					"@executable_path/Frameworks",
					"@loader_path/Frameworks",
				);
				PRODUCT_BUNDLE_IDENTIFIER = com.Alvelaez.WeatherGiftTests;
				PRODUCT_NAME = "$(TARGET_NAME)";
				SWIFT_VERSION = 5.0;
				TARGETED_DEVICE_FAMILY = "1,2";
				TEST_HOST = "$(BUILT_PRODUCTS_DIR)/WeatherGift.app/WeatherGift";
			};
			name = Release;
		};
		F128C95A252FF74F00170A14 /* Debug */ = {
			isa = XCBuildConfiguration;
			buildSettings = {
				ALWAYS_EMBED_SWIFT_STANDARD_LIBRARIES = YES;
				CODE_SIGN_STYLE = Automatic;
				DEVELOPMENT_TEAM = WATT3KK847;
				INFOPLIST_FILE = WeatherGiftUITests/Info.plist;
				LD_RUNPATH_SEARCH_PATHS = (
					"$(inherited)",
					"@executable_path/Frameworks",
					"@loader_path/Frameworks",
				);
				PRODUCT_BUNDLE_IDENTIFIER = com.Alvelaez.WeatherGiftUITests;
				PRODUCT_NAME = "$(TARGET_NAME)";
				SWIFT_VERSION = 5.0;
				TARGETED_DEVICE_FAMILY = "1,2";
				TEST_TARGET_NAME = WeatherGift;
			};
			name = Debug;
		};
		F128C95B252FF74F00170A14 /* Release */ = {
			isa = XCBuildConfiguration;
			buildSettings = {
				ALWAYS_EMBED_SWIFT_STANDARD_LIBRARIES = YES;
				CODE_SIGN_STYLE = Automatic;
				DEVELOPMENT_TEAM = WATT3KK847;
				INFOPLIST_FILE = WeatherGiftUITests/Info.plist;
				LD_RUNPATH_SEARCH_PATHS = (
					"$(inherited)",
					"@executable_path/Frameworks",
					"@loader_path/Frameworks",
				);
				PRODUCT_BUNDLE_IDENTIFIER = com.Alvelaez.WeatherGiftUITests;
				PRODUCT_NAME = "$(TARGET_NAME)";
				SWIFT_VERSION = 5.0;
				TARGETED_DEVICE_FAMILY = "1,2";
				TEST_TARGET_NAME = WeatherGift;
			};
			name = Release;
		};
/* End XCBuildConfiguration section */

/* Begin XCConfigurationList section */
		F128C924252FF74C00170A14 /* Build configuration list for PBXProject "WeatherGift" */ = {
			isa = XCConfigurationList;
			buildConfigurations = (
				F128C951252FF74F00170A14 /* Debug */,
				F128C952252FF74F00170A14 /* Release */,
			);
			defaultConfigurationIsVisible = 0;
			defaultConfigurationName = Release;
		};
		F128C953252FF74F00170A14 /* Build configuration list for PBXNativeTarget "WeatherGift" */ = {
			isa = XCConfigurationList;
			buildConfigurations = (
				F128C954252FF74F00170A14 /* Debug */,
				F128C955252FF74F00170A14 /* Release */,
			);
			defaultConfigurationIsVisible = 0;
			defaultConfigurationName = Release;
		};
		F128C956252FF74F00170A14 /* Build configuration list for PBXNativeTarget "WeatherGiftTests" */ = {
			isa = XCConfigurationList;
			buildConfigurations = (
				F128C957252FF74F00170A14 /* Debug */,
				F128C958252FF74F00170A14 /* Release */,
			);
			defaultConfigurationIsVisible = 0;
			defaultConfigurationName = Release;
		};
		F128C959252FF74F00170A14 /* Build configuration list for PBXNativeTarget "WeatherGiftUITests" */ = {
			isa = XCConfigurationList;
			buildConfigurations = (
				F128C95A252FF74F00170A14 /* Debug */,
				F128C95B252FF74F00170A14 /* Release */,
			);
			defaultConfigurationIsVisible = 0;
			defaultConfigurationName = Release;
		};
/* End XCConfigurationList section */
	};
	rootObject = F128C921252FF74C00170A14 /* Project object */;
}
